lockfileVersion: '9.0'

settings:
  autoInstallPeers: true
  excludeLinksFromLockfile: false

importers:

  .:
    dependencies:
      d3-drag:
        specifier: ^2.0.0
        version: 2.0.0
      d3-interpolate:
        specifier: ^2.0.1
        version: 2.0.1
      d3-scale:
        specifier: ^3.3.0
        version: 3.3.0
      d3-scale-chromatic:
        specifier: ^2.0.0
        version: 2.0.0
      d3-selection:
        specifier: ^2.0.0
        version: 2.0.0
      d3-shape:
        specifier: ^2.1.0
        version: 2.1.0
      d3-transition:
        specifier: ^2.0.0
        version: 2.0.0(d3-selection@2.0.0)
      d3-zoom:
        specifier: ^2.0.0
        version: 2.0.0
      react:
        specifier: ^18.3.1
        version: 18.3.1
      react-dom:
        specifier: ^18.3.1
        version: 18.3.1(react@18.3.1)
    devDependencies:
      '@biomejs/biome':
        specifier: ^1.8.3
        version: 1.8.3
      '@rsbuild/core':
        specifier: 1.0.1-rc.4
        version: 1.0.1-rc.4
      '@rsbuild/plugin-react':
        specifier: 1.0.1-rc.4
        version: 1.0.1-rc.4(@rsbuild/core@1.0.1-rc.4)
      '@types/d3-drag':
        specifier: ^2.0.0
        version: 2.0.5
      '@types/d3-ease':
        specifier: ^2.0.0
        version: 2.0.4
      '@types/d3-scale':
        specifier: ^3.2.2
        version: 3.3.5
      '@types/d3-scale-chromatic':
        specifier: ^2.0.0
        version: 2.0.4
      '@types/d3-selection':
        specifier: ^2.0.0
        version: 2.0.4
      '@types/d3-shape':
        specifier: ^2.0.0
        version: 2.1.7
      '@types/d3-transition':
        specifier: ^2.0.0
        version: 2.0.5
      '@types/d3-zoom':
        specifier: ^2.0.0
        version: 2.0.7
      '@types/node':
        specifier: ^22.5.4
        version: 22.5.4
      '@types/react':
        specifier: ^18.3.5
        version: 18.3.5
      '@types/react-dom':
        specifier: ^18.3.0
        version: 18.3.0
      typescript:
        specifier: ^5.5.2
        version: 5.5.4

packages:

  '@biomejs/biome@1.8.3':
    resolution: {integrity: sha512-/uUV3MV+vyAczO+vKrPdOW0Iaet7UnJMU4bNMinggGJTAnBPjCoLEYcyYtYHNnUNYlv4xZMH6hVIQCAozq8d5w==}
    engines: {node: '>=14.21.3'}
    hasBin: true

  '@biomejs/cli-darwin-arm64@1.8.3':
    resolution: {integrity: sha512-9DYOjclFpKrH/m1Oz75SSExR8VKvNSSsLnVIqdnKexj6NwmiMlKk94Wa1kZEdv6MCOHGHgyyoV57Cw8WzL5n3A==}
    engines: {node: '>=14.21.3'}
    cpu: [arm64]
    os: [darwin]

  '@biomejs/cli-darwin-x64@1.8.3':
    resolution: {integrity: sha512-UeW44L/AtbmOF7KXLCoM+9PSgPo0IDcyEUfIoOXYeANaNXXf9mLUwV1GeF2OWjyic5zj6CnAJ9uzk2LT3v/wAw==}
    engines: {node: '>=14.21.3'}
    cpu: [x64]
    os: [darwin]

  '@biomejs/cli-linux-arm64-musl@1.8.3':
    resolution: {integrity: sha512-9yjUfOFN7wrYsXt/T/gEWfvVxKlnh3yBpnScw98IF+oOeCYb5/b/+K7YNqKROV2i1DlMjg9g/EcN9wvj+NkMuQ==}
    engines: {node: '>=14.21.3'}
    cpu: [arm64]
    os: [linux]

  '@biomejs/cli-linux-arm64@1.8.3':
    resolution: {integrity: sha512-fed2ji8s+I/m8upWpTJGanqiJ0rnlHOK3DdxsyVLZQ8ClY6qLuPc9uehCREBifRJLl/iJyQpHIRufLDeotsPtw==}
    engines: {node: '>=14.21.3'}
    cpu: [arm64]
    os: [linux]

  '@biomejs/cli-linux-x64-musl@1.8.3':
    resolution: {integrity: sha512-UHrGJX7PrKMKzPGoEsooKC9jXJMa28TUSMjcIlbDnIO4EAavCoVmNQaIuUSH0Ls2mpGMwUIf+aZJv657zfWWjA==}
    engines: {node: '>=14.21.3'}
    cpu: [x64]
    os: [linux]

  '@biomejs/cli-linux-x64@1.8.3':
    resolution: {integrity: sha512-I8G2QmuE1teISyT8ie1HXsjFRz9L1m5n83U1O6m30Kw+kPMPSKjag6QGUn+sXT8V+XWIZxFFBoTDEDZW2KPDDw==}
    engines: {node: '>=14.21.3'}
    cpu: [x64]
    os: [linux]

  '@biomejs/cli-win32-arm64@1.8.3':
    resolution: {integrity: sha512-J+Hu9WvrBevfy06eU1Na0lpc7uR9tibm9maHynLIoAjLZpQU3IW+OKHUtyL8p6/3pT2Ju5t5emReeIS2SAxhkQ==}
    engines: {node: '>=14.21.3'}
    cpu: [arm64]
    os: [win32]

  '@biomejs/cli-win32-x64@1.8.3':
    resolution: {integrity: sha512-/PJ59vA1pnQeKahemaQf4Nyj7IKUvGQSc3Ze1uIGi+Wvr1xF7rGobSrAAG01T/gUDG21vkDsZYM03NAmPiVkqg==}
    engines: {node: '>=14.21.3'}
    cpu: [x64]
    os: [win32]

  '@module-federation/runtime-tools@0.5.1':
    resolution: {integrity: sha512-nfBedkoZ3/SWyO0hnmaxuz0R0iGPSikHZOAZ0N/dVSQaIzlffUo35B5nlC2wgWIc0JdMZfkwkjZRrnuuDIJbzg==}

  '@module-federation/runtime@0.5.1':
    resolution: {integrity: sha512-xgiMUWwGLWDrvZc9JibuEbXIbhXg6z2oUkemogSvQ4LKvrl/n0kbqP1Blk669mXzyWbqtSp6PpvNdwaE1aN5xQ==}

  '@module-federation/sdk@0.5.1':
    resolution: {integrity: sha512-exvchtjNURJJkpqjQ3/opdbfeT2wPKvrbnGnyRkrwW5o3FH1LaST1tkiNviT6OXTexGaVc2DahbdniQHVtQ7pA==}

  '@module-federation/webpack-bundler-runtime@0.5.1':
    resolution: {integrity: sha512-mMhRFH0k2VjwHt3Jol9JkUsmI/4XlrAoBG3E0o7HoyoPYv1UFOWyqAflfANcUPgbYpvqmyLzDcO+3IT36LXnrA==}

  '@rsbuild/core@1.0.1-rc.4':
    resolution: {integrity: sha512-JlouV5M+azv9YP6hD11rHeUns8Yk9sQN9QmMCKhutG75j1TCEKmrL0O7UmE89+uKlJTnL5Pyzy29TLO5ncIRjg==}
    engines: {node: '>=16.7.0'}
    hasBin: true

  '@rsbuild/plugin-react@1.0.1-rc.4':
    resolution: {integrity: sha512-1EPBjVgBPd9eQk0rDgm78q/vQDKabTP24+vUKz02iYZDZZPfCRyZrfF3GvKLVJXRW44JqT51ykK9t9oxw/tDtA==}
    peerDependencies:
      '@rsbuild/core': ^1.0.1-rc.4

  '@rspack/binding-darwin-arm64@1.0.3':
    resolution: {integrity: sha512-MZlQpDRJkjIJJqmYMiziwz9vLXi1KjORYW6hemC2umDfOzUmlkRPBUF8oEqXaUQ+zYLbjhk4iTSbFdrlqUR+6w==}
    cpu: [arm64]
    os: [darwin]

  '@rspack/binding-darwin-x64@1.0.3':
    resolution: {integrity: sha512-Ke8Tw3+j5YFFIHjlqrEDnW5fbZU14s+l5LhLVaw6gVXH4yAAyFaZejaIViGi5fhKkdKmCXm0nVTK1KhhASZxAw==}
    cpu: [x64]
    os: [darwin]

  '@rspack/binding-linux-arm64-gnu@1.0.3':
    resolution: {integrity: sha512-Ydm6rsBnPYlKfWtz6sPRgAgJ5fQ+zFSHplR4bFlARIOXeWPn7ckQvFZrmKexuR0ULjG3Z4sbfrU6udc2MAWvig==}
    cpu: [arm64]
    os: [linux]

  '@rspack/binding-linux-arm64-musl@1.0.3':
    resolution: {integrity: sha512-2aS65Xne3W6qJJ5PN5oL/bMbkUeYpsQduT+ML6vY6hqvi6W6wYtkvHwscQ4HisxKQFWdB2bsE1+UT34XgHpijw==}
    cpu: [arm64]
    os: [linux]

  '@rspack/binding-linux-x64-gnu@1.0.3':
    resolution: {integrity: sha512-6UWii/GBkV0B98RSjJr9Za5Y8rvU1vQpE5+8vb26pvo3Sh3kvRfOmSeIFyqR3I92er5SQKmEp8uggb74st6QGQ==}
    cpu: [x64]
    os: [linux]

  '@rspack/binding-linux-x64-musl@1.0.3':
    resolution: {integrity: sha512-tpKGPJEe6vkkH3bsDz+l7xndNrOGxDvbDVOXV0uSESnRr6Pef5253Bi5PNooGLSaWQlXVDdazhi6x1beVHI2eg==}
    cpu: [x64]
    os: [linux]

  '@rspack/binding-win32-arm64-msvc@1.0.3':
    resolution: {integrity: sha512-9FwP64T6yeq3cG1JQG0VagTMuJxJCT45G9LN5RTJ2kxJ4T28vL7uEc9usPpXOyd6xpbzTKXX0mVxL+c8x0EhZQ==}
    cpu: [arm64]
    os: [win32]

  '@rspack/binding-win32-ia32-msvc@1.0.3':
    resolution: {integrity: sha512-nXbeh0206bGiwV1vgY8UDk92sZ2yMvJenevnnLtGFSMTRQ46Z2f9n+mUO1GlvpanR1HAfhgPddlKasIncTJmPQ==}
    cpu: [ia32]
    os: [win32]

  '@rspack/binding-win32-x64-msvc@1.0.3':
    resolution: {integrity: sha512-htBi4xt+iXD/NCEo/q4fYSg5YfXymK9P9zI36NFvfguQbhwqy4JgBx0IorjDFl5qvG70sdUzY7x98DJEseGScQ==}
    cpu: [x64]
    os: [win32]

  '@rspack/binding@1.0.3':
    resolution: {integrity: sha512-wRLUDyi/6jFDDZJIov4uh9H9hJNk7JKDEhaMLM/5lJzzWsTLBB/q6JB1VAdIzOzBhYsU8iIMEVuG3Uih1H43uw==}

  '@rspack/core@1.0.3':
    resolution: {integrity: sha512-BqyBSrcTtsm1EDI10TrK6tEfNsy5vEnVDnbI0HBuQBH1zhKblnvsu6Y2bbS9+OGmB+OPEr76CmuZtzb+7V3wrQ==}
    engines: {node: '>=16.0.0'}
    peerDependencies:
      '@swc/helpers': '>=0.5.1'
    peerDependenciesMeta:
      '@swc/helpers':
        optional: true

  '@rspack/lite-tapable@1.0.0':
    resolution: {integrity: sha512-7MZf4lburSUZoEenwazwUDKHhqyfnLCGnQ/tKcUtztfmVzfjZfRn/EaiT0AKkYGnL2U8AGsw89oUeVyvaOLVCw==}
    engines: {node: '>=16.0.0'}

  '@rspack/plugin-react-refresh@1.0.0':
    resolution: {integrity: sha512-WvXkLewW5G0Mlo5H1b251yDh5FFiH4NDAbYlFpvFjcuXX2AchZRf9zdw57BDE/ADyWsJgA8kixN/zZWBTN3iYA==}
    peerDependencies:
      react-refresh: '>=0.10.0 <1.0.0'
    peerDependenciesMeta:
      react-refresh:
        optional: true

  '@swc/helpers@0.5.13':
    resolution: {integrity: sha512-UoKGxQ3r5kYI9dALKJapMmuK+1zWM/H17Z1+iwnNmzcJRnfFuevZs375TA5rW31pu4BS4NoSy1fRsexDXfWn5w==}

  '@types/d3-color@2.0.6':
    resolution: {integrity: sha512-tbaFGDmJWHqnenvk3QGSvD3RVwr631BjKRD7Sc7VLRgrdX5mk5hTyoeBL6rXZaeoXzmZwIl1D2HPogEdt1rHBg==}

  '@types/d3-drag@2.0.5':
    resolution: {integrity: sha512-VbvN7t3TelH6R0cKVXkOXmDiC7pRhtoodiPZ94p0n9TayGqg0Z/5vSxsPelVsZyVzloEo2kdZ7BO1n9ezWux+w==}

  '@types/d3-ease@2.0.4':
    resolution: {integrity: sha512-DGh1MzShlCPTTau4+C8JLJjKt9sT9LgGZokYFx8fSxy+Z6fHns/Lc+lwTc4owuq8FwCDg7Mw2/mp0G8S5DBm7Q==}

  '@types/d3-interpolate@2.0.5':
    resolution: {integrity: sha512-UINE41RDaUMbulp+bxQMDnhOi51rh5lA2dG+dWZU0UY/IwQiG/u2x8TfnWYU9+xwGdXsJoAvrBYUEQl0r91atg==}

  '@types/d3-path@2.0.4':
    resolution: {integrity: sha512-jjZVLBjEX4q6xneKMmv62UocaFJFOTQSb/1aTzs3m3ICTOFoVaqGBHpNLm/4dVi0/FTltfBKgmOK1ECj3/gGjA==}

  '@types/d3-scale-chromatic@2.0.4':
    resolution: {integrity: sha512-OUgfg6wmoZVhs0/pV8HZhsMw7pYJnS6smfNK2S5ogMaPHfDUaTMu7JA5ssZrRupwf2vWI+haPAuUpsz+M1BOKA==}

  '@types/d3-scale@3.3.5':
    resolution: {integrity: sha512-YOpKj0kIEusRf7ofeJcSZQsvKbnTwpe1DUF+P2qsotqG53kEsjm7EzzliqQxMkAWdkZcHrg5rRhB4JiDOQPX+A==}

  '@types/d3-selection@2.0.4':
    resolution: {integrity: sha512-5a21DF7avVPmiUau8KTsv5r76yGqbMgq4QtByoCBPXUrVFWFkd3Ob4OOhmePNRbQqfUCNFjgB4sO7sUURnKcBg==}

  '@types/d3-shape@2.1.7':
    resolution: {integrity: sha512-HedHlfGHdwzKqX9+PiQVXZrdmGlwo7naoefJP7kCNk4Y7qcpQt1tUaoRa6qn0kbTdlaIHGO7111qLtb/6J8uuw==}

  '@types/d3-time@2.1.4':
    resolution: {integrity: sha512-BTfLsxTeo7yFxI/haOOf1ZwJ6xKgQLT9dCp+EcmQv87Gox6X+oKl4mLKfO6fnWm3P22+A6DknMNEZany8ql2Rw==}

  '@types/d3-transition@2.0.5':
    resolution: {integrity: sha512-G+ne0FD8EK76ejXuB1sszSoPRDdTf+FDx6D3ilwYehfcQpo3WAY0xxkjXTQiP9Tu26qSNA7kyZ07PXZPby/Gdg==}

  '@types/d3-zoom@2.0.7':
    resolution: {integrity: sha512-JWke4E8ZyrKUQ68ESTWSK16fVb0OYnaiJ+WXJRYxKLn4aXU0o4CLYxMWBEiouUfO3TTCoyroOrGPcBG6u1aAxA==}

  '@types/node@22.5.4':
    resolution: {integrity: sha512-FDuKUJQm/ju9fT/SeX/6+gBzoPzlVCzfzmGkwKvRHQVxi4BntVbyIwf6a4Xn62mrvndLiml6z/UBXIdEVjQLXg==}

  '@types/prop-types@15.7.12':
    resolution: {integrity: sha512-5zvhXYtRNRluoE/jAp4GVsSduVUzNWKkOZrCDBWYtE7biZywwdC2AcEzg+cSMLFRfVgeAFqpfNabiPjxFddV1Q==}

  '@types/react-dom@18.3.0':
    resolution: {integrity: sha512-EhwApuTmMBmXuFOikhQLIBUn6uFg81SwLMOAUgodJF14SOBOCMdU04gDoYi0WOJJHD144TL32z4yDqCW3dnkQg==}

  '@types/react@18.3.5':
    resolution: {integrity: sha512-WeqMfGJLGuLCqHGYRGHxnKrXcTitc6L/nBUWfWPcTarG3t9PsquqUMuVeXZeca+mglY4Vo5GZjCi0A3Or2lnxA==}

  caniuse-lite@1.0.30001655:
    resolution: {integrity: sha512-jRGVy3iSGO5Uutn2owlb5gR6qsGngTw9ZTb4ali9f3glshcNmJ2noam4Mo9zia5P9Dk3jNNydy7vQjuE5dQmfg==}

  core-js@3.38.1:
    resolution: {integrity: sha512-OP35aUorbU3Zvlx7pjsFdu1rGNnD4pgw/CWoYzRY3t2EzoVT7shKHY1dlAy3f41cGIO7ZDPQimhGFTlEYkG/Hw==}

  csstype@3.1.3:
    resolution: {integrity: sha512-M1uQkMl8rQK/szD0LNhtqxIPLpimGm8sOBwU7lLnCpSbTyY3yeU1Vc7l4KT5zT4s/yOxHH5O7tIuuLOCnLADRw==}

  d3-array@2.12.1:
    resolution: {integrity: sha512-B0ErZK/66mHtEsR1TkPEEkwdy+WDesimkM5gpZr5Dsg54BiTA5RXtYW5qTLIAcekaS9xfZrzBLF/OAkB3Qn1YQ==}

  d3-color@2.0.0:
    resolution: {integrity: sha512-SPXi0TSKPD4g9tw0NMZFnR95XVgUZiBH+uUTqQuDu1OsE2zomHU7ho0FISciaPvosimixwHFl3WHLGabv6dDgQ==}

  d3-dispatch@2.0.0:
    resolution: {integrity: sha512-S/m2VsXI7gAti2pBoLClFFTMOO1HTtT0j99AuXLoGFKO6deHDdnv6ZGTxSTTUTgO1zVcv82fCOtDjYK4EECmWA==}

  d3-drag@2.0.0:
    resolution: {integrity: sha512-g9y9WbMnF5uqB9qKqwIIa/921RYWzlUDv9Jl1/yONQwxbOfszAWTCm8u7HOTgJgRDXiRZN56cHT9pd24dmXs8w==}

  d3-ease@2.0.0:
    resolution: {integrity: sha512-68/n9JWarxXkOWMshcT5IcjbB+agblQUaIsbnXmrzejn2O82n3p2A9R2zEB9HIEFWKFwPAEDDN8gR0VdSAyyAQ==}

  d3-format@2.0.0:
    resolution: {integrity: sha512-Ab3S6XuE/Q+flY96HXT0jOXcM4EAClYFnRGY5zsjRGNy6qCYrQsMffs7cV5Q9xejb35zxW5hf/guKw34kvIKsA==}

  d3-interpolate@2.0.1:
    resolution: {integrity: sha512-c5UhwwTs/yybcmTpAVqwSFl6vrQ8JZJoT5F7xNFK9pymv5C0Ymcc9/LIJHtYIggg/yS9YHw8i8O8tgb9pupjeQ==}

  d3-path@2.0.0:
    resolution: {integrity: sha512-ZwZQxKhBnv9yHaiWd6ZU4x5BtCQ7pXszEV9CU6kRgwIQVQGLMv1oiL4M+MK/n79sYzsj+gcgpPQSctJUsLN7fA==}

  d3-scale-chromatic@2.0.0:
    resolution: {integrity: sha512-LLqy7dJSL8yDy7NRmf6xSlsFZ6zYvJ4BcWFE4zBrOPnQERv9zj24ohnXKRbyi9YHnYV+HN1oEO3iFK971/gkzA==}

  d3-scale@3.3.0:
    resolution: {integrity: sha512-1JGp44NQCt5d1g+Yy+GeOnZP7xHo0ii8zsQp6PGzd+C1/dl0KGsp9A7Mxwp+1D1o4unbTTxVdU/ZOIEBoeZPbQ==}

  d3-selection@2.0.0:
    resolution: {integrity: sha512-XoGGqhLUN/W14NmaqcO/bb1nqjDAw5WtSYb2X8wiuQWvSZUsUVYsOSkOybUrNvcBjaywBdYPy03eXHMXjk9nZA==}

  d3-shape@2.1.0:
    resolution: {integrity: sha512-PnjUqfM2PpskbSLTJvAzp2Wv4CZsnAgTfcVRTwW03QR3MkXF8Uo7B1y/lWkAsmbKwuecto++4NlsYcvYpXpTHA==}

  d3-time-format@3.0.0:
    resolution: {integrity: sha512-UXJh6EKsHBTjopVqZBhFysQcoXSv/5yLONZvkQ5Kk3qbwiUYkdX17Xa1PT6U1ZWXGGfB1ey5L8dKMlFq2DO0Ag==}

  d3-time@2.1.1:
    resolution: {integrity: sha512-/eIQe/eR4kCQwq7yxi7z4c6qEXf2IYGcjoWB5OOQy4Tq9Uv39/947qlDcN2TLkiTzQWzvnsuYPB9TrWaNfipKQ==}

  d3-timer@2.0.0:
    resolution: {integrity: sha512-TO4VLh0/420Y/9dO3+f9abDEFYeCUr2WZRlxJvbp4HPTQcSylXNiL6yZa9FIUvV1yRiFufl1bszTCLDqv9PWNA==}

  d3-transition@2.0.0:
    resolution: {integrity: sha512-42ltAGgJesfQE3u9LuuBHNbGrI/AJjNL2OAUdclE70UE6Vy239GCBEYD38uBPoLeNsOhFStGpPI0BAOV+HMxog==}
    peerDependencies:
      d3-selection: '2'

  d3-zoom@2.0.0:
    resolution: {integrity: sha512-fFg7aoaEm9/jf+qfstak0IYpnesZLiMX6GZvXtUSdv8RH2o4E2qeelgdU09eKS6wGuiGMfcnMI0nTIqWzRHGpw==}

  error-stack-parser@2.1.4:
    resolution: {integrity: sha512-Sk5V6wVazPhq5MhpO+AUxJn5x7XSXGl1R93Vn7i+zS15KDVxQijejNCrz8340/2bgLBjR9GtEG8ZVKONDjcqGQ==}

  fsevents@2.3.3:
    resolution: {integrity: sha512-5xoDfX+fL7faATnagmWPpbFtwh/R77WmMMqqHGS65C3vvB0YHrgF+B1YmZ3441tMj5n63k0212XNoJwzlhffQw==}
    engines: {node: ^8.16.0 || ^10.6.0 || >=11.0.0}
    os: [darwin]

  html-entities@2.5.2:
    resolution: {integrity: sha512-K//PSRMQk4FZ78Kyau+mZurHn3FH0Vwr+H36eE0rPbeYkRRi9YxceYPhuN60UwWorxyKHhqoAJl2OFKa4BVtaA==}

  internmap@1.0.1:
    resolution: {integrity: sha512-lDB5YccMydFBtasVtxnZ3MRBHuaoE8GKsppq+EchKL2U4nK/DmEpPHNH8MZe5HkMtpSiTSOZwfN0tzYjO/lJEw==}

  js-tokens@4.0.0:
    resolution: {integrity: sha512-RdJUflcE3cUzKiMqQgsCu06FPu9UdIJO0beYbPhHN4k6apgJtifcoCtT9bcxOpYBtpD2kCM6Sbzg4CausW/PKQ==}

  loose-envify@1.4.0:
    resolution: {integrity: sha512-lyuxPGr/Wfhrlem2CL/UcnUc1zcqKAImBDzukY7Y5F/yQiNdko6+fRLevlw1HgMySw7f611UIY408EtxRSoK3Q==}
    hasBin: true

  react-dom@18.3.1:
    resolution: {integrity: sha512-5m4nQKp+rZRb09LNH59GM4BxTh9251/ylbKIbpe7TpGxfJ+9kv6BLkLBXIjjspbgbnIBNqlI23tRnTWT0snUIw==}
    peerDependencies:
      react: ^18.3.1

  react-refresh@0.14.2:
    resolution: {integrity: sha512-jCvmsr+1IUSMUyzOkRcvnVbX3ZYC6g9TDrDbFuFmRDq7PD4yaGbLKNQL6k2jnArV8hjYxh7hVhAZB6s9HDGpZA==}
    engines: {node: '>=0.10.0'}

  react@18.3.1:
    resolution: {integrity: sha512-wS+hAgJShR0KhEvPJArfuPVN1+Hz1t0Y6n5jLrGQbkb4urgPE/0Rve+1kMB1v/oWgHgm4WIcV+i7F2pTVj+2iQ==}
    engines: {node: '>=0.10.0'}

  scheduler@0.23.2:
    resolution: {integrity: sha512-UOShsPwz7NrMUqhR6t0hWjFduvOzbtv7toDH1/hIrfRNIDBnnBWd0CwJTGvTpngVlmwGCdP9/Zl/tVrDqcuYzQ==}

  stackframe@1.3.4:
    resolution: {integrity: sha512-oeVtt7eWQS+Na6F//S4kJ2K2VbRlS9D43mAlMyVpVWovy9o+jfgH8O9agzANzaiLjclA0oYzUXEM4PurhSUChw==}

  tslib@2.7.0:
    resolution: {integrity: sha512-gLXCKdN1/j47AiHiOkJN69hJmcbGTHI0ImLmbYLHykhgeN0jVGola9yVjFgzCUklsZQMW55o+dW7IXv3RCXDzA==}

  typescript@5.5.4:
    resolution: {integrity: sha512-Mtq29sKDAEYP7aljRgtPOpTvOfbwRWlS6dPRzwjdE+C0R4brX/GUyhHSecbHMFLNBLcJIPt9nl9yG5TZ1weH+Q==}
    engines: {node: '>=14.17'}
    hasBin: true

  undici-types@6.19.8:
    resolution: {integrity: sha512-ve2KP6f/JnbPBFyobGHuerC9g1FYGn/F8n1LWTwNxCEzd6IfqTwUQcNXgEtmmQ6DlRrC1hrSrBnCZPokRrDHjw==}

snapshots:

  '@biomejs/biome@1.8.3':
    optionalDependencies:
      '@biomejs/cli-darwin-arm64': 1.8.3
      '@biomejs/cli-darwin-x64': 1.8.3
      '@biomejs/cli-linux-arm64': 1.8.3
      '@biomejs/cli-linux-arm64-musl': 1.8.3
      '@biomejs/cli-linux-x64': 1.8.3
      '@biomejs/cli-linux-x64-musl': 1.8.3
      '@biomejs/cli-win32-arm64': 1.8.3
      '@biomejs/cli-win32-x64': 1.8.3

  '@biomejs/cli-darwin-arm64@1.8.3':
    optional: true

  '@biomejs/cli-darwin-x64@1.8.3':
    optional: true

  '@biomejs/cli-linux-arm64-musl@1.8.3':
    optional: true

  '@biomejs/cli-linux-arm64@1.8.3':
    optional: true

  '@biomejs/cli-linux-x64-musl@1.8.3':
    optional: true

  '@biomejs/cli-linux-x64@1.8.3':
    optional: true

  '@biomejs/cli-win32-arm64@1.8.3':
    optional: true

  '@biomejs/cli-win32-x64@1.8.3':
    optional: true

  '@module-federation/runtime-tools@0.5.1':
    dependencies:
      '@module-federation/runtime': 0.5.1
      '@module-federation/webpack-bundler-runtime': 0.5.1

  '@module-federation/runtime@0.5.1':
    dependencies:
      '@module-federation/sdk': 0.5.1

  '@module-federation/sdk@0.5.1': {}

  '@module-federation/webpack-bundler-runtime@0.5.1':
    dependencies:
      '@module-federation/runtime': 0.5.1
      '@module-federation/sdk': 0.5.1

  '@rsbuild/core@1.0.1-rc.4':
    dependencies:
      '@rspack/core': 1.0.3(@swc/helpers@0.5.13)
      '@rspack/lite-tapable': 1.0.0
      '@swc/helpers': 0.5.13
      caniuse-lite: 1.0.30001655
      core-js: 3.38.1
    optionalDependencies:
      fsevents: 2.3.3

  '@rsbuild/plugin-react@1.0.1-rc.4(@rsbuild/core@1.0.1-rc.4)':
    dependencies:
      '@rsbuild/core': 1.0.1-rc.4
      '@rspack/plugin-react-refresh': 1.0.0(react-refresh@0.14.2)
      react-refresh: 0.14.2

  '@rspack/binding-darwin-arm64@1.0.3':
    optional: true

  '@rspack/binding-darwin-x64@1.0.3':
    optional: true

  '@rspack/binding-linux-arm64-gnu@1.0.3':
    optional: true

  '@rspack/binding-linux-arm64-musl@1.0.3':
    optional: true

  '@rspack/binding-linux-x64-gnu@1.0.3':
    optional: true

  '@rspack/binding-linux-x64-musl@1.0.3':
    optional: true

  '@rspack/binding-win32-arm64-msvc@1.0.3':
    optional: true

  '@rspack/binding-win32-ia32-msvc@1.0.3':
    optional: true

  '@rspack/binding-win32-x64-msvc@1.0.3':
    optional: true

  '@rspack/binding@1.0.3':
    optionalDependencies:
      '@rspack/binding-darwin-arm64': 1.0.3
      '@rspack/binding-darwin-x64': 1.0.3
      '@rspack/binding-linux-arm64-gnu': 1.0.3
      '@rspack/binding-linux-arm64-musl': 1.0.3
      '@rspack/binding-linux-x64-gnu': 1.0.3
      '@rspack/binding-linux-x64-musl': 1.0.3
      '@rspack/binding-win32-arm64-msvc': 1.0.3
      '@rspack/binding-win32-ia32-msvc': 1.0.3
      '@rspack/binding-win32-x64-msvc': 1.0.3

  '@rspack/core@1.0.3(@swc/helpers@0.5.13)':
    dependencies:
      '@module-federation/runtime-tools': 0.5.1
      '@rspack/binding': 1.0.3
      '@rspack/lite-tapable': 1.0.0
      caniuse-lite: 1.0.30001655
    optionalDependencies:
      '@swc/helpers': 0.5.13

  '@rspack/lite-tapable@1.0.0': {}

  '@rspack/plugin-react-refresh@1.0.0(react-refresh@0.14.2)':
    dependencies:
      error-stack-parser: 2.1.4
      html-entities: 2.5.2
    optionalDependencies:
      react-refresh: 0.14.2

  '@swc/helpers@0.5.13':
    dependencies:
      tslib: 2.7.0

  '@types/d3-color@2.0.6': {}

  '@types/d3-drag@2.0.5':
    dependencies:
      '@types/d3-selection': 2.0.4

  '@types/d3-ease@2.0.4': {}

  '@types/d3-interpolate@2.0.5':
    dependencies:
      '@types/d3-color': 2.0.6

  '@types/d3-path@2.0.4': {}

  '@types/d3-scale-chromatic@2.0.4': {}

  '@types/d3-scale@3.3.5':
    dependencies:
      '@types/d3-time': 2.1.4

  '@types/d3-selection@2.0.4': {}

  '@types/d3-shape@2.1.7':
    dependencies:
      '@types/d3-path': 2.0.4

  '@types/d3-time@2.1.4': {}

  '@types/d3-transition@2.0.5':
    dependencies:
      '@types/d3-selection': 2.0.4

  '@types/d3-zoom@2.0.7':
    dependencies:
      '@types/d3-interpolate': 2.0.5
      '@types/d3-selection': 2.0.4

  '@types/node@22.5.4':
    dependencies:
      undici-types: 6.19.8

  '@types/prop-types@15.7.12': {}

  '@types/react-dom@18.3.0':
    dependencies:
      '@types/react': 18.3.5

  '@types/react@18.3.5':
    dependencies:
      '@types/prop-types': 15.7.12
      csstype: 3.1.3

  caniuse-lite@1.0.30001655: {}

  core-js@3.38.1: {}

  csstype@3.1.3: {}

  d3-array@2.12.1:
    dependencies:
      internmap: 1.0.1

  d3-color@2.0.0: {}

  d3-dispatch@2.0.0: {}

  d3-drag@2.0.0:
    dependencies:
      d3-dispatch: 2.0.0
      d3-selection: 2.0.0

  d3-ease@2.0.0: {}

  d3-format@2.0.0: {}

  d3-interpolate@2.0.1:
    dependencies:
      d3-color: 2.0.0

  d3-path@2.0.0: {}

  d3-scale-chromatic@2.0.0:
    dependencies:
      d3-color: 2.0.0
      d3-interpolate: 2.0.1

  d3-scale@3.3.0:
    dependencies:
      d3-array: 2.12.1
      d3-format: 2.0.0
      d3-interpolate: 2.0.1
      d3-time: 2.1.1
      d3-time-format: 3.0.0

  d3-selection@2.0.0: {}

  d3-shape@2.1.0:
    dependencies:
      d3-path: 2.0.0

  d3-time-format@3.0.0:
    dependencies:
      d3-time: 2.1.1

  d3-time@2.1.1:
    dependencies:
      d3-array: 2.12.1

  d3-timer@2.0.0: {}

  d3-transition@2.0.0(d3-selection@2.0.0):
    dependencies:
      d3-color: 2.0.0
      d3-dispatch: 2.0.0
      d3-ease: 2.0.0
      d3-interpolate: 2.0.1
      d3-selection: 2.0.0
      d3-timer: 2.0.0

  d3-zoom@2.0.0:
    dependencies:
      d3-dispatch: 2.0.0
      d3-drag: 2.0.0
      d3-interpolate: 2.0.1
      d3-selection: 2.0.0
      d3-transition: 2.0.0(d3-selection@2.0.0)

  error-stack-parser@2.1.4:
    dependencies:
      stackframe: 1.3.4

  fsevents@2.3.3:
    optional: true

  html-entities@2.5.2: {}

  internmap@1.0.1: {}

  js-tokens@4.0.0: {}

  loose-envify@1.4.0:
    dependencies:
      js-tokens: 4.0.0

  react-dom@18.3.1(react@18.3.1):
    dependencies:
      loose-envify: 1.4.0
      react: 18.3.1
      scheduler: 0.23.2

  react-refresh@0.14.2: {}

  react@18.3.1:
    dependencies:
      loose-envify: 1.4.0

  scheduler@0.23.2:
    dependencies:
      loose-envify: 1.4.0

  stackframe@1.3.4: {}

  tslib@2.7.0: {}

  typescript@5.5.4: {}

  undici-types@6.19.8: {}
